// !$*UTF8*$!
{
	archiveVersion = 1;
	classes = {
	};
	objectVersion = 51;
	objects = {

/* Begin PBXBuildFile section */
		897692F2206DC53BB305CFBF /* Pods_GBShop.framework in Frameworks */ = {isa = PBXBuildFile; fileRef = A24C1D7856DB6D68D02D2B18 /* Pods_GBShop.framework */; };
		89DCFA6334DD03FADC767FC9 /* Pods_GBShop_GBShopUITests.framework in Frameworks */ = {isa = PBXBuildFile; fileRef = E3AE971698B9800EDB27E511 /* Pods_GBShop_GBShopUITests.framework */; };
		99A1100949E8475D02D3BDF6 /* Pods_GBShopTests.framework in Frameworks */ = {isa = PBXBuildFile; fileRef = 3633AD80C995C0463735A5AA /* Pods_GBShopTests.framework */; };
		E10F09AE261C3B0D008D8AAC /* AppDelegate.swift in Sources */ = {isa = PBXBuildFile; fileRef = E10F09AD261C3B0D008D8AAC /* AppDelegate.swift */; };
		E10F09B7261C3B0F008D8AAC /* Assets.xcassets in Resources */ = {isa = PBXBuildFile; fileRef = E10F09B6261C3B0F008D8AAC /* Assets.xcassets */; };
		E10F09BA261C3B0F008D8AAC /* LaunchScreen.storyboard in Resources */ = {isa = PBXBuildFile; fileRef = E10F09B8261C3B0F008D8AAC /* LaunchScreen.storyboard */; };
		E10F09C5261C3B0F008D8AAC /* GBShopTests.swift in Sources */ = {isa = PBXBuildFile; fileRef = E10F09C4261C3B0F008D8AAC /* GBShopTests.swift */; };
		E10F09D0261C3B0F008D8AAC /* GBShopUITests.swift in Sources */ = {isa = PBXBuildFile; fileRef = E10F09CF261C3B0F008D8AAC /* GBShopUITests.swift */; };
		E10F09F626202F70008D8AAC /* AbstractErrorParser.swift in Sources */ = {isa = PBXBuildFile; fileRef = E10F09F526202F70008D8AAC /* AbstractErrorParser.swift */; };
		E10F09FE2620302E008D8AAC /* ErrorParser.swift in Sources */ = {isa = PBXBuildFile; fileRef = E10F09FD2620302E008D8AAC /* ErrorParser.swift */; };
		E10F0A1126204802008D8AAC /* DataRequest.swift in Sources */ = {isa = PBXBuildFile; fileRef = E10F0A1026204802008D8AAC /* DataRequest.swift */; };
		E10F0A1626207DD9008D8AAC /* AbstractRequestFactory.swift in Sources */ = {isa = PBXBuildFile; fileRef = E10F0A1526207DD9008D8AAC /* AbstractRequestFactory.swift */; };
		E10F0A1B2620804D008D8AAC /* RequestRouter.swift in Sources */ = {isa = PBXBuildFile; fileRef = E10F0A1A2620804D008D8AAC /* RequestRouter.swift */; };
		E10F0A2026208705008D8AAC /* LoginResult.swift in Sources */ = {isa = PBXBuildFile; fileRef = E10F0A1F26208705008D8AAC /* LoginResult.swift */; };
		E10F0A252620871F008D8AAC /* User.swift in Sources */ = {isa = PBXBuildFile; fileRef = E10F0A242620871F008D8AAC /* User.swift */; };
		E10F0A2B26208783008D8AAC /* AccountRequestFactory.swift in Sources */ = {isa = PBXBuildFile; fileRef = E10F0A2A26208783008D8AAC /* AccountRequestFactory.swift */; };
		E10F0A33262087BC008D8AAC /* AccountRequest.swift in Sources */ = {isa = PBXBuildFile; fileRef = E10F0A32262087BC008D8AAC /* AccountRequest.swift */; };
		E10F0A3826208902008D8AAC /* RequestFactory.swift in Sources */ = {isa = PBXBuildFile; fileRef = E10F0A3726208902008D8AAC /* RequestFactory.swift */; };
		E10F0A4026246104008D8AAC /* LogoutResult.swift in Sources */ = {isa = PBXBuildFile; fileRef = E10F0A3F26246104008D8AAC /* LogoutResult.swift */; };
		E10F0A5F26247277008D8AAC /* EditProfileResult.swift in Sources */ = {isa = PBXBuildFile; fileRef = E10F0A5E26247277008D8AAC /* EditProfileResult.swift */; };
		E1DFB8832625C492006B2060 /* AccountRequestModels.swift in Sources */ = {isa = PBXBuildFile; fileRef = E1DFB8822625C492006B2060 /* AccountRequestModels.swift */; };
		E1DFB8A02626FAB4006B2060 /* ResponseCodableTests.swift in Sources */ = {isa = PBXBuildFile; fileRef = E1DFB89F2626FAB4006B2060 /* ResponseCodableTests.swift */; };
		E1DFB8A626284A8A006B2060 /* Stubs.swift in Sources */ = {isa = PBXBuildFile; fileRef = E1DFB8A526284A8A006B2060 /* Stubs.swift */; };
		E1DFB8AB262D62E6006B2060 /* AccountRequestTests.swift in Sources */ = {isa = PBXBuildFile; fileRef = E1DFB8AA262D62E6006B2060 /* AccountRequestTests.swift */; };
		E1DFB8B4262D94C6006B2060 /* Product.swift in Sources */ = {isa = PBXBuildFile; fileRef = E1DFB8B3262D94C6006B2060 /* Product.swift */; };
		E1DFB8B9262D95DE006B2060 /* ProductListResult.swift in Sources */ = {isa = PBXBuildFile; fileRef = E1DFB8B8262D95DE006B2060 /* ProductListResult.swift */; };
		E1DFB8C5262D9BB5006B2060 /* ProductRequestFactory.swift in Sources */ = {isa = PBXBuildFile; fileRef = E1DFB8C4262D9BB5006B2060 /* ProductRequestFactory.swift */; };
		E1DFB8CD262D9FD3006B2060 /* ProductRequest.swift in Sources */ = {isa = PBXBuildFile; fileRef = E1DFB8CC262D9FD3006B2060 /* ProductRequest.swift */; };
		E1DFB8D2262DAE02006B2060 /* ProductRequestProduct.swift in Sources */ = {isa = PBXBuildFile; fileRef = E1DFB8D1262DAE02006B2060 /* ProductRequestProduct.swift */; };
		E1DFB8DA262DC585006B2060 /* ProductRequestTests.swift in Sources */ = {isa = PBXBuildFile; fileRef = E1DFB8D9262DC585006B2060 /* ProductRequestTests.swift */; };
/* End PBXBuildFile section */

/* Begin PBXContainerItemProxy section */
		E10F09C1261C3B0F008D8AAC /* PBXContainerItemProxy */ = {
			isa = PBXContainerItemProxy;
			containerPortal = E10F09A2261C3B0D008D8AAC /* Project object */;
			proxyType = 1;
			remoteGlobalIDString = E10F09A9261C3B0D008D8AAC;
			remoteInfo = GBShop;
		};
		E10F09CC261C3B0F008D8AAC /* PBXContainerItemProxy */ = {
			isa = PBXContainerItemProxy;
			containerPortal = E10F09A2261C3B0D008D8AAC /* Project object */;
			proxyType = 1;
			remoteGlobalIDString = E10F09A9261C3B0D008D8AAC;
			remoteInfo = GBShop;
		};
/* End PBXContainerItemProxy section */

/* Begin PBXFileReference section */
		1088C9758A23DC6E873248A5 /* Pods-GBShop-GBShopUITests.release.xcconfig */ = {isa = PBXFileReference; includeInIndex = 1; lastKnownFileType = text.xcconfig; name = "Pods-GBShop-GBShopUITests.release.xcconfig"; path = "Target Support Files/Pods-GBShop-GBShopUITests/Pods-GBShop-GBShopUITests.release.xcconfig"; sourceTree = "<group>"; };
		19FE6D8A78456B0ACCF0AE72 /* Pods-GBShop.debug.xcconfig */ = {isa = PBXFileReference; includeInIndex = 1; lastKnownFileType = text.xcconfig; name = "Pods-GBShop.debug.xcconfig"; path = "Target Support Files/Pods-GBShop/Pods-GBShop.debug.xcconfig"; sourceTree = "<group>"; };
		3633AD80C995C0463735A5AA /* Pods_GBShopTests.framework */ = {isa = PBXFileReference; explicitFileType = wrapper.framework; includeInIndex = 0; path = Pods_GBShopTests.framework; sourceTree = BUILT_PRODUCTS_DIR; };
		3C553A0A1565C83681106D6A /* Pods-GBShopTests.release.xcconfig */ = {isa = PBXFileReference; includeInIndex = 1; lastKnownFileType = text.xcconfig; name = "Pods-GBShopTests.release.xcconfig"; path = "Target Support Files/Pods-GBShopTests/Pods-GBShopTests.release.xcconfig"; sourceTree = "<group>"; };
		5C40AA1087402F7B359B2FB0 /* Pods-GBShop.release.xcconfig */ = {isa = PBXFileReference; includeInIndex = 1; lastKnownFileType = text.xcconfig; name = "Pods-GBShop.release.xcconfig"; path = "Target Support Files/Pods-GBShop/Pods-GBShop.release.xcconfig"; sourceTree = "<group>"; };
		A24C1D7856DB6D68D02D2B18 /* Pods_GBShop.framework */ = {isa = PBXFileReference; explicitFileType = wrapper.framework; includeInIndex = 0; path = Pods_GBShop.framework; sourceTree = BUILT_PRODUCTS_DIR; };
		C98B8326AD6809C1CA58C643 /* Pods-GBShop-GBShopUITests.debug.xcconfig */ = {isa = PBXFileReference; includeInIndex = 1; lastKnownFileType = text.xcconfig; name = "Pods-GBShop-GBShopUITests.debug.xcconfig"; path = "Target Support Files/Pods-GBShop-GBShopUITests/Pods-GBShop-GBShopUITests.debug.xcconfig"; sourceTree = "<group>"; };
		CD8854B6876425A63D276F63 /* Pods-GBShopTests.debug.xcconfig */ = {isa = PBXFileReference; includeInIndex = 1; lastKnownFileType = text.xcconfig; name = "Pods-GBShopTests.debug.xcconfig"; path = "Target Support Files/Pods-GBShopTests/Pods-GBShopTests.debug.xcconfig"; sourceTree = "<group>"; };
		E10F09AA261C3B0D008D8AAC /* GBShop.app */ = {isa = PBXFileReference; explicitFileType = wrapper.application; includeInIndex = 0; path = GBShop.app; sourceTree = BUILT_PRODUCTS_DIR; };
		E10F09AD261C3B0D008D8AAC /* AppDelegate.swift */ = {isa = PBXFileReference; lastKnownFileType = sourcecode.swift; path = AppDelegate.swift; sourceTree = "<group>"; };
		E10F09B6261C3B0F008D8AAC /* Assets.xcassets */ = {isa = PBXFileReference; lastKnownFileType = folder.assetcatalog; path = Assets.xcassets; sourceTree = "<group>"; };
		E10F09B9261C3B0F008D8AAC /* Base */ = {isa = PBXFileReference; lastKnownFileType = file.storyboard; name = Base; path = Base.lproj/LaunchScreen.storyboard; sourceTree = "<group>"; };
		E10F09BB261C3B0F008D8AAC /* Info.plist */ = {isa = PBXFileReference; lastKnownFileType = text.plist.xml; path = Info.plist; sourceTree = "<group>"; };
		E10F09C0261C3B0F008D8AAC /* GBShopTests.xctest */ = {isa = PBXFileReference; explicitFileType = wrapper.cfbundle; includeInIndex = 0; path = GBShopTests.xctest; sourceTree = BUILT_PRODUCTS_DIR; };
		E10F09C4261C3B0F008D8AAC /* GBShopTests.swift */ = {isa = PBXFileReference; lastKnownFileType = sourcecode.swift; path = GBShopTests.swift; sourceTree = "<group>"; };
		E10F09C6261C3B0F008D8AAC /* Info.plist */ = {isa = PBXFileReference; lastKnownFileType = text.plist.xml; path = Info.plist; sourceTree = "<group>"; };
		E10F09CB261C3B0F008D8AAC /* GBShopUITests.xctest */ = {isa = PBXFileReference; explicitFileType = wrapper.cfbundle; includeInIndex = 0; path = GBShopUITests.xctest; sourceTree = BUILT_PRODUCTS_DIR; };
		E10F09CF261C3B0F008D8AAC /* GBShopUITests.swift */ = {isa = PBXFileReference; lastKnownFileType = sourcecode.swift; path = GBShopUITests.swift; sourceTree = "<group>"; };
		E10F09D1261C3B0F008D8AAC /* Info.plist */ = {isa = PBXFileReference; lastKnownFileType = text.plist.xml; path = Info.plist; sourceTree = "<group>"; };
		E10F09F526202F70008D8AAC /* AbstractErrorParser.swift */ = {isa = PBXFileReference; lastKnownFileType = sourcecode.swift; path = AbstractErrorParser.swift; sourceTree = "<group>"; };
		E10F09FD2620302E008D8AAC /* ErrorParser.swift */ = {isa = PBXFileReference; lastKnownFileType = sourcecode.swift; path = ErrorParser.swift; sourceTree = "<group>"; };
		E10F0A1026204802008D8AAC /* DataRequest.swift */ = {isa = PBXFileReference; lastKnownFileType = sourcecode.swift; path = DataRequest.swift; sourceTree = "<group>"; };
		E10F0A1526207DD9008D8AAC /* AbstractRequestFactory.swift */ = {isa = PBXFileReference; lastKnownFileType = sourcecode.swift; path = AbstractRequestFactory.swift; sourceTree = "<group>"; };
		E10F0A1A2620804D008D8AAC /* RequestRouter.swift */ = {isa = PBXFileReference; lastKnownFileType = sourcecode.swift; path = RequestRouter.swift; sourceTree = "<group>"; };
		E10F0A1F26208705008D8AAC /* LoginResult.swift */ = {isa = PBXFileReference; lastKnownFileType = sourcecode.swift; path = LoginResult.swift; sourceTree = "<group>"; };
		E10F0A242620871F008D8AAC /* User.swift */ = {isa = PBXFileReference; lastKnownFileType = sourcecode.swift; path = User.swift; sourceTree = "<group>"; };
		E10F0A2A26208783008D8AAC /* AccountRequestFactory.swift */ = {isa = PBXFileReference; lastKnownFileType = sourcecode.swift; path = AccountRequestFactory.swift; sourceTree = "<group>"; };
		E10F0A32262087BC008D8AAC /* AccountRequest.swift */ = {isa = PBXFileReference; lastKnownFileType = sourcecode.swift; path = AccountRequest.swift; sourceTree = "<group>"; };
		E10F0A3726208902008D8AAC /* RequestFactory.swift */ = {isa = PBXFileReference; lastKnownFileType = sourcecode.swift; path = RequestFactory.swift; sourceTree = "<group>"; };
		E10F0A3F26246104008D8AAC /* LogoutResult.swift */ = {isa = PBXFileReference; lastKnownFileType = sourcecode.swift; path = LogoutResult.swift; sourceTree = "<group>"; };
		E10F0A5E26247277008D8AAC /* EditProfileResult.swift */ = {isa = PBXFileReference; lastKnownFileType = sourcecode.swift; path = EditProfileResult.swift; sourceTree = "<group>"; };
		E1DFB8822625C492006B2060 /* AccountRequestModels.swift */ = {isa = PBXFileReference; lastKnownFileType = sourcecode.swift; path = AccountRequestModels.swift; sourceTree = "<group>"; };
		E1DFB89F2626FAB4006B2060 /* ResponseCodableTests.swift */ = {isa = PBXFileReference; lastKnownFileType = sourcecode.swift; path = ResponseCodableTests.swift; sourceTree = "<group>"; };
		E1DFB8A526284A8A006B2060 /* Stubs.swift */ = {isa = PBXFileReference; lastKnownFileType = sourcecode.swift; path = Stubs.swift; sourceTree = "<group>"; };
		E1DFB8AA262D62E6006B2060 /* AccountRequestTests.swift */ = {isa = PBXFileReference; lastKnownFileType = sourcecode.swift; path = AccountRequestTests.swift; sourceTree = "<group>"; };
		E1DFB8B3262D94C6006B2060 /* Product.swift */ = {isa = PBXFileReference; lastKnownFileType = sourcecode.swift; path = Product.swift; sourceTree = "<group>"; };
		E1DFB8B8262D95DE006B2060 /* ProductListResult.swift */ = {isa = PBXFileReference; lastKnownFileType = sourcecode.swift; path = ProductListResult.swift; sourceTree = "<group>"; };
		E1DFB8C4262D9BB5006B2060 /* ProductRequestFactory.swift */ = {isa = PBXFileReference; lastKnownFileType = sourcecode.swift; path = ProductRequestFactory.swift; sourceTree = "<group>"; };
		E1DFB8CC262D9FD3006B2060 /* ProductRequest.swift */ = {isa = PBXFileReference; lastKnownFileType = sourcecode.swift; path = ProductRequest.swift; sourceTree = "<group>"; };
		E1DFB8D1262DAE02006B2060 /* ProductRequestProduct.swift */ = {isa = PBXFileReference; lastKnownFileType = sourcecode.swift; path = ProductRequestProduct.swift; sourceTree = "<group>"; };
		E1DFB8D9262DC585006B2060 /* ProductRequestTests.swift */ = {isa = PBXFileReference; lastKnownFileType = sourcecode.swift; path = ProductRequestTests.swift; sourceTree = "<group>"; };
		E3AE971698B9800EDB27E511 /* Pods_GBShop_GBShopUITests.framework */ = {isa = PBXFileReference; explicitFileType = wrapper.framework; includeInIndex = 0; path = Pods_GBShop_GBShopUITests.framework; sourceTree = BUILT_PRODUCTS_DIR; };
/* End PBXFileReference section */

/* Begin PBXFrameworksBuildPhase section */
		E10F09A7261C3B0D008D8AAC /* Frameworks */ = {
			isa = PBXFrameworksBuildPhase;
			buildActionMask = 2147483647;
			files = (
				897692F2206DC53BB305CFBF /* Pods_GBShop.framework in Frameworks */,
			);
			runOnlyForDeploymentPostprocessing = 0;
		};
		E10F09BD261C3B0F008D8AAC /* Frameworks */ = {
			isa = PBXFrameworksBuildPhase;
			buildActionMask = 2147483647;
			files = (
				99A1100949E8475D02D3BDF6 /* Pods_GBShopTests.framework in Frameworks */,
			);
			runOnlyForDeploymentPostprocessing = 0;
		};
		E10F09C8261C3B0F008D8AAC /* Frameworks */ = {
			isa = PBXFrameworksBuildPhase;
			buildActionMask = 2147483647;
			files = (
				89DCFA6334DD03FADC767FC9 /* Pods_GBShop_GBShopUITests.framework in Frameworks */,
			);
			runOnlyForDeploymentPostprocessing = 0;
		};
/* End PBXFrameworksBuildPhase section */

/* Begin PBXGroup section */
		24FEC805FFEA24EBCDE9DC35 /* Frameworks */ = {
			isa = PBXGroup;
			children = (
				A24C1D7856DB6D68D02D2B18 /* Pods_GBShop.framework */,
				E3AE971698B9800EDB27E511 /* Pods_GBShop_GBShopUITests.framework */,
				3633AD80C995C0463735A5AA /* Pods_GBShopTests.framework */,
			);
			name = Frameworks;
			sourceTree = "<group>";
		};
		D4CD1FA1CB8851B442402EA2 /* Pods */ = {
			isa = PBXGroup;
			children = (
				19FE6D8A78456B0ACCF0AE72 /* Pods-GBShop.debug.xcconfig */,
				5C40AA1087402F7B359B2FB0 /* Pods-GBShop.release.xcconfig */,
				C98B8326AD6809C1CA58C643 /* Pods-GBShop-GBShopUITests.debug.xcconfig */,
				1088C9758A23DC6E873248A5 /* Pods-GBShop-GBShopUITests.release.xcconfig */,
				CD8854B6876425A63D276F63 /* Pods-GBShopTests.debug.xcconfig */,
				3C553A0A1565C83681106D6A /* Pods-GBShopTests.release.xcconfig */,
			);
			path = Pods;
			sourceTree = "<group>";
		};
		E10F09A1261C3B0D008D8AAC = {
			isa = PBXGroup;
			children = (
				E10F09AC261C3B0D008D8AAC /* GBShop */,
				E10F09C3261C3B0F008D8AAC /* GBShopTests */,
				E10F09CE261C3B0F008D8AAC /* GBShopUITests */,
				E10F09AB261C3B0D008D8AAC /* Products */,
				D4CD1FA1CB8851B442402EA2 /* Pods */,
				24FEC805FFEA24EBCDE9DC35 /* Frameworks */,
			);
			sourceTree = "<group>";
		};
		E10F09AB261C3B0D008D8AAC /* Products */ = {
			isa = PBXGroup;
			children = (
				E10F09AA261C3B0D008D8AAC /* GBShop.app */,
				E10F09C0261C3B0F008D8AAC /* GBShopTests.xctest */,
				E10F09CB261C3B0F008D8AAC /* GBShopUITests.xctest */,
			);
			name = Products;
			sourceTree = "<group>";
		};
		E10F09AC261C3B0D008D8AAC /* GBShop */ = {
			isa = PBXGroup;
			children = (
				E1DFB8A426284A4C006B2060 /* Mock */,
				E10F09E3261C7317008D8AAC /* App */,
				E10F09EB261C738D008D8AAC /* Core */,
				E10F09EC261C7397008D8AAC /* Resources */,
				E10F09ED261C73AF008D8AAC /* Environments */,
			);
			path = GBShop;
			sourceTree = "<group>";
		};
		E10F09C3261C3B0F008D8AAC /* GBShopTests */ = {
			isa = PBXGroup;
			children = (
				E10F09C4261C3B0F008D8AAC /* GBShopTests.swift */,
				E1DFB89F2626FAB4006B2060 /* ResponseCodableTests.swift */,
				E1DFB8AA262D62E6006B2060 /* AccountRequestTests.swift */,
				E1DFB8D9262DC585006B2060 /* ProductRequestTests.swift */,
				E10F09C6261C3B0F008D8AAC /* Info.plist */,
			);
			path = GBShopTests;
			sourceTree = "<group>";
		};
		E10F09CE261C3B0F008D8AAC /* GBShopUITests */ = {
			isa = PBXGroup;
			children = (
				E10F09CF261C3B0F008D8AAC /* GBShopUITests.swift */,
				E10F09D1261C3B0F008D8AAC /* Info.plist */,
			);
			path = GBShopUITests;
			sourceTree = "<group>";
		};
		E10F09E3261C7317008D8AAC /* App */ = {
			isa = PBXGroup;
			children = (
				E10F09AD261C3B0D008D8AAC /* AppDelegate.swift */,
				E10F09E7261C733D008D8AAC /* BusinessLogic */,
				E10F09E8261C734C008D8AAC /* Entity */,
				E10F09E9261C735A008D8AAC /* Assembly */,
				E10F09EA261C7370008D8AAC /* Flows */,
			);
			path = App;
			sourceTree = "<group>";
		};
		E10F09E7261C733D008D8AAC /* BusinessLogic */ = {
			isa = PBXGroup;
			children = (
				E1DFB87E2625BC89006B2060 /* Models */,
				E10F0A2926208763008D8AAC /* Network */,
			);
			path = BusinessLogic;
			sourceTree = "<group>";
		};
		E10F09E8261C734C008D8AAC /* Entity */ = {
			isa = PBXGroup;
			children = (
				E1DFB8AF262D9489006B2060 /* Account */,
				E1DFB8B3262D94C6006B2060 /* Product.swift */,
				E1DFB8B8262D95DE006B2060 /* ProductListResult.swift */,
			);
			path = Entity;
			sourceTree = "<group>";
		};
		E10F09E9261C735A008D8AAC /* Assembly */ = {
			isa = PBXGroup;
			children = (
			);
			path = Assembly;
			sourceTree = "<group>";
		};
		E10F09EA261C7370008D8AAC /* Flows */ = {
			isa = PBXGroup;
			children = (
			);
			path = Flows;
			sourceTree = "<group>";
		};
		E10F09EB261C738D008D8AAC /* Core */ = {
			isa = PBXGroup;
			children = (
				E10F09F426202EFF008D8AAC /* Network */,
			);
			path = Core;
			sourceTree = "<group>";
		};
		E10F09EC261C7397008D8AAC /* Resources */ = {
			isa = PBXGroup;
			children = (
				E10F09B6261C3B0F008D8AAC /* Assets.xcassets */,
				E10F09B8261C3B0F008D8AAC /* LaunchScreen.storyboard */,
			);
			path = Resources;
			sourceTree = "<group>";
		};
		E10F09ED261C73AF008D8AAC /* Environments */ = {
			isa = PBXGroup;
			children = (
				E10F09BB261C3B0F008D8AAC /* Info.plist */,
			);
			path = Environments;
			sourceTree = "<group>";
		};
		E10F09F426202EFF008D8AAC /* Network */ = {
			isa = PBXGroup;
			children = (
				E10F09F526202F70008D8AAC /* AbstractErrorParser.swift */,
				E10F09FD2620302E008D8AAC /* ErrorParser.swift */,
				E10F0A1026204802008D8AAC /* DataRequest.swift */,
				E10F0A1526207DD9008D8AAC /* AbstractRequestFactory.swift */,
				E10F0A1A2620804D008D8AAC /* RequestRouter.swift */,
			);
			path = Network;
			sourceTree = "<group>";
		};
		E10F0A2926208763008D8AAC /* Network */ = {
			isa = PBXGroup;
			children = (
				E1DFB8C0262D9A7E006B2060 /* Account */,
				E10F0A3726208902008D8AAC /* RequestFactory.swift */,
				E1DFB8DE262DC631006B2060 /* Product */,
			);
			path = Network;
			sourceTree = "<group>";
		};
		E1DFB87E2625BC89006B2060 /* Models */ = {
			isa = PBXGroup;
			children = (
				E1DFB8822625C492006B2060 /* AccountRequestModels.swift */,
				E1DFB8D1262DAE02006B2060 /* ProductRequestProduct.swift */,
			);
			path = Models;
			sourceTree = "<group>";
		};
		E1DFB8A426284A4C006B2060 /* Mock */ = {
			isa = PBXGroup;
			children = (
				E1DFB8A526284A8A006B2060 /* Stubs.swift */,
			);
			path = Mock;
			sourceTree = "<group>";
		};
		E1DFB8AF262D9489006B2060 /* Account */ = {
			isa = PBXGroup;
			children = (
				E10F0A242620871F008D8AAC /* User.swift */,
				E10F0A1F26208705008D8AAC /* LoginResult.swift */,
				E10F0A3F26246104008D8AAC /* LogoutResult.swift */,
				E10F0A5E26247277008D8AAC /* EditProfileResult.swift */,
			);
			path = Account;
			sourceTree = "<group>";
		};
		E1DFB8C0262D9A7E006B2060 /* Account */ = {
			isa = PBXGroup;
			children = (
				E10F0A2A26208783008D8AAC /* AccountRequestFactory.swift */,
				E10F0A32262087BC008D8AAC /* AccountRequest.swift */,
			);
			path = Account;
			sourceTree = "<group>";
		};
		E1DFB8DE262DC631006B2060 /* Product */ = {
			isa = PBXGroup;
			children = (
				E1DFB8C4262D9BB5006B2060 /* ProductRequestFactory.swift */,
				E1DFB8CC262D9FD3006B2060 /* ProductRequest.swift */,
			);
			path = Product;
			sourceTree = "<group>";
		};
/* End PBXGroup section */

/* Begin PBXNativeTarget section */
		E10F09A9261C3B0D008D8AAC /* GBShop */ = {
			isa = PBXNativeTarget;
			buildConfigurationList = E10F09D4261C3B0F008D8AAC /* Build configuration list for PBXNativeTarget "GBShop" */;
			buildPhases = (
				C9AF0BA7209BC7F23067FA5B /* [CP] Check Pods Manifest.lock */,
				E10F09A6261C3B0D008D8AAC /* Sources */,
				E10F09A7261C3B0D008D8AAC /* Frameworks */,
				E10F09A8261C3B0D008D8AAC /* Resources */,
				0DA4A1DC70A6ADAE214A31C4 /* [CP] Embed Pods Frameworks */,
			);
			buildRules = (
			);
			dependencies = (
			);
			name = GBShop;
			productName = GBShop;
			productReference = E10F09AA261C3B0D008D8AAC /* GBShop.app */;
			productType = "com.apple.product-type.application";
		};
		E10F09BF261C3B0F008D8AAC /* GBShopTests */ = {
			isa = PBXNativeTarget;
			buildConfigurationList = E10F09D7261C3B0F008D8AAC /* Build configuration list for PBXNativeTarget "GBShopTests" */;
			buildPhases = (
				C8F66C0691893A8BEE48332E /* [CP] Check Pods Manifest.lock */,
				E10F09BC261C3B0F008D8AAC /* Sources */,
				E10F09BD261C3B0F008D8AAC /* Frameworks */,
				E10F09BE261C3B0F008D8AAC /* Resources */,
			);
			buildRules = (
			);
			dependencies = (
				E10F09C2261C3B0F008D8AAC /* PBXTargetDependency */,
			);
			name = GBShopTests;
			productName = GBShopTests;
			productReference = E10F09C0261C3B0F008D8AAC /* GBShopTests.xctest */;
			productType = "com.apple.product-type.bundle.unit-test";
		};
		E10F09CA261C3B0F008D8AAC /* GBShopUITests */ = {
			isa = PBXNativeTarget;
			buildConfigurationList = E10F09DA261C3B0F008D8AAC /* Build configuration list for PBXNativeTarget "GBShopUITests" */;
			buildPhases = (
				6D8671148348DA95B0F3D382 /* [CP] Check Pods Manifest.lock */,
				E10F09C7261C3B0F008D8AAC /* Sources */,
				E10F09C8261C3B0F008D8AAC /* Frameworks */,
				E10F09C9261C3B0F008D8AAC /* Resources */,
				5D4B9025E3A5624C71389A46 /* [CP] Embed Pods Frameworks */,
			);
			buildRules = (
			);
			dependencies = (
				E10F09CD261C3B0F008D8AAC /* PBXTargetDependency */,
			);
			name = GBShopUITests;
			productName = GBShopUITests;
			productReference = E10F09CB261C3B0F008D8AAC /* GBShopUITests.xctest */;
			productType = "com.apple.product-type.bundle.ui-testing";
		};
/* End PBXNativeTarget section */

/* Begin PBXProject section */
		E10F09A2261C3B0D008D8AAC /* Project object */ = {
			isa = PBXProject;
			attributes = {
				LastSwiftUpdateCheck = 1240;
				LastUpgradeCheck = 1240;
				TargetAttributes = {
					E10F09A9261C3B0D008D8AAC = {
						CreatedOnToolsVersion = 12.4;
					};
					E10F09BF261C3B0F008D8AAC = {
						CreatedOnToolsVersion = 12.4;
						TestTargetID = E10F09A9261C3B0D008D8AAC;
					};
					E10F09CA261C3B0F008D8AAC = {
						CreatedOnToolsVersion = 12.4;
						TestTargetID = E10F09A9261C3B0D008D8AAC;
					};
				};
			};
			buildConfigurationList = E10F09A5261C3B0D008D8AAC /* Build configuration list for PBXProject "GBShop" */;
			compatibilityVersion = "Xcode 9.3";
			developmentRegion = en;
			hasScannedForEncodings = 0;
			knownRegions = (
				en,
				Base,
			);
			mainGroup = E10F09A1261C3B0D008D8AAC;
			productRefGroup = E10F09AB261C3B0D008D8AAC /* Products */;
			projectDirPath = "";
			projectRoot = "";
			targets = (
				E10F09A9261C3B0D008D8AAC /* GBShop */,
				E10F09BF261C3B0F008D8AAC /* GBShopTests */,
				E10F09CA261C3B0F008D8AAC /* GBShopUITests */,
			);
		};
/* End PBXProject section */

/* Begin PBXResourcesBuildPhase section */
		E10F09A8261C3B0D008D8AAC /* Resources */ = {
			isa = PBXResourcesBuildPhase;
			buildActionMask = 2147483647;
			files = (
				E10F09BA261C3B0F008D8AAC /* LaunchScreen.storyboard in Resources */,
				E10F09B7261C3B0F008D8AAC /* Assets.xcassets in Resources */,
			);
			runOnlyForDeploymentPostprocessing = 0;
		};
		E10F09BE261C3B0F008D8AAC /* Resources */ = {
			isa = PBXResourcesBuildPhase;
			buildActionMask = 2147483647;
			files = (
			);
			runOnlyForDeploymentPostprocessing = 0;
		};
		E10F09C9261C3B0F008D8AAC /* Resources */ = {
			isa = PBXResourcesBuildPhase;
			buildActionMask = 2147483647;
			files = (
			);
			runOnlyForDeploymentPostprocessing = 0;
		};
/* End PBXResourcesBuildPhase section */

/* Begin PBXShellScriptBuildPhase section */
		0DA4A1DC70A6ADAE214A31C4 /* [CP] Embed Pods Frameworks */ = {
			isa = PBXShellScriptBuildPhase;
			buildActionMask = 2147483647;
			files = (
			);
			inputFileListPaths = (
				"${PODS_ROOT}/Target Support Files/Pods-GBShop/Pods-GBShop-frameworks-${CONFIGURATION}-input-files.xcfilelist",
			);
			name = "[CP] Embed Pods Frameworks";
			outputFileListPaths = (
				"${PODS_ROOT}/Target Support Files/Pods-GBShop/Pods-GBShop-frameworks-${CONFIGURATION}-output-files.xcfilelist",
			);
			runOnlyForDeploymentPostprocessing = 0;
			shellPath = /bin/sh;
			shellScript = "\"${PODS_ROOT}/Target Support Files/Pods-GBShop/Pods-GBShop-frameworks.sh\"\n";
			showEnvVarsInLog = 0;
		};
		5D4B9025E3A5624C71389A46 /* [CP] Embed Pods Frameworks */ = {
			isa = PBXShellScriptBuildPhase;
			buildActionMask = 2147483647;
			files = (
			);
			inputFileListPaths = (
				"${PODS_ROOT}/Target Support Files/Pods-GBShop-GBShopUITests/Pods-GBShop-GBShopUITests-frameworks-${CONFIGURATION}-input-files.xcfilelist",
			);
			name = "[CP] Embed Pods Frameworks";
			outputFileListPaths = (
				"${PODS_ROOT}/Target Support Files/Pods-GBShop-GBShopUITests/Pods-GBShop-GBShopUITests-frameworks-${CONFIGURATION}-output-files.xcfilelist",
			);
			runOnlyForDeploymentPostprocessing = 0;
			shellPath = /bin/sh;
			shellScript = "\"${PODS_ROOT}/Target Support Files/Pods-GBShop-GBShopUITests/Pods-GBShop-GBShopUITests-frameworks.sh\"\n";
			showEnvVarsInLog = 0;
		};
		6D8671148348DA95B0F3D382 /* [CP] Check Pods Manifest.lock */ = {
			isa = PBXShellScriptBuildPhase;
			buildActionMask = 2147483647;
			files = (
			);
			inputFileListPaths = (
			);
			inputPaths = (
				"${PODS_PODFILE_DIR_PATH}/Podfile.lock",
				"${PODS_ROOT}/Manifest.lock",
			);
			name = "[CP] Check Pods Manifest.lock";
			outputFileListPaths = (
			);
			outputPaths = (
				"$(DERIVED_FILE_DIR)/Pods-GBShop-GBShopUITests-checkManifestLockResult.txt",
			);
			runOnlyForDeploymentPostprocessing = 0;
			shellPath = /bin/sh;
			shellScript = "diff \"${PODS_PODFILE_DIR_PATH}/Podfile.lock\" \"${PODS_ROOT}/Manifest.lock\" > /dev/null\nif [ $? != 0 ] ; then\n    # print error to STDERR\n    echo \"error: The sandbox is not in sync with the Podfile.lock. Run 'pod install' or update your CocoaPods installation.\" >&2\n    exit 1\nfi\n# This output is used by Xcode 'outputs' to avoid re-running this script phase.\necho \"SUCCESS\" > \"${SCRIPT_OUTPUT_FILE_0}\"\n";
			showEnvVarsInLog = 0;
		};
		C8F66C0691893A8BEE48332E /* [CP] Check Pods Manifest.lock */ = {
			isa = PBXShellScriptBuildPhase;
			buildActionMask = 2147483647;
			files = (
			);
			inputFileListPaths = (
			);
			inputPaths = (
				"${PODS_PODFILE_DIR_PATH}/Podfile.lock",
				"${PODS_ROOT}/Manifest.lock",
			);
			name = "[CP] Check Pods Manifest.lock";
			outputFileListPaths = (
			);
			outputPaths = (
				"$(DERIVED_FILE_DIR)/Pods-GBShopTests-checkManifestLockResult.txt",
			);
			runOnlyForDeploymentPostprocessing = 0;
			shellPath = /bin/sh;
			shellScript = "diff \"${PODS_PODFILE_DIR_PATH}/Podfile.lock\" \"${PODS_ROOT}/Manifest.lock\" > /dev/null\nif [ $? != 0 ] ; then\n    # print error to STDERR\n    echo \"error: The sandbox is not in sync with the Podfile.lock. Run 'pod install' or update your CocoaPods installation.\" >&2\n    exit 1\nfi\n# This output is used by Xcode 'outputs' to avoid re-running this script phase.\necho \"SUCCESS\" > \"${SCRIPT_OUTPUT_FILE_0}\"\n";
			showEnvVarsInLog = 0;
		};
		C9AF0BA7209BC7F23067FA5B /* [CP] Check Pods Manifest.lock */ = {
			isa = PBXShellScriptBuildPhase;
			buildActionMask = 2147483647;
			files = (
			);
			inputFileListPaths = (
			);
			inputPaths = (
				"${PODS_PODFILE_DIR_PATH}/Podfile.lock",
				"${PODS_ROOT}/Manifest.lock",
			);
			name = "[CP] Check Pods Manifest.lock";
			outputFileListPaths = (
			);
			outputPaths = (
				"$(DERIVED_FILE_DIR)/Pods-GBShop-checkManifestLockResult.txt",
			);
			runOnlyForDeploymentPostprocessing = 0;
			shellPath = /bin/sh;
			shellScript = "diff \"${PODS_PODFILE_DIR_PATH}/Podfile.lock\" \"${PODS_ROOT}/Manifest.lock\" > /dev/null\nif [ $? != 0 ] ; then\n    # print error to STDERR\n    echo \"error: The sandbox is not in sync with the Podfile.lock. Run 'pod install' or update your CocoaPods installation.\" >&2\n    exit 1\nfi\n# This output is used by Xcode 'outputs' to avoid re-running this script phase.\necho \"SUCCESS\" > \"${SCRIPT_OUTPUT_FILE_0}\"\n";
			showEnvVarsInLog = 0;
		};
/* End PBXShellScriptBuildPhase section */

/* Begin PBXSourcesBuildPhase section */
		E10F09A6261C3B0D008D8AAC /* Sources */ = {
			isa = PBXSourcesBuildPhase;
			buildActionMask = 2147483647;
			files = (
				E10F0A3826208902008D8AAC /* RequestFactory.swift in Sources */,
				E10F09F626202F70008D8AAC /* AbstractErrorParser.swift in Sources */,
				E10F0A1126204802008D8AAC /* DataRequest.swift in Sources */,
				E10F0A2B26208783008D8AAC /* AccountRequestFactory.swift in Sources */,
				E10F0A1B2620804D008D8AAC /* RequestRouter.swift in Sources */,
				E10F09AE261C3B0D008D8AAC /* AppDelegate.swift in Sources */,
				E10F0A4026246104008D8AAC /* LogoutResult.swift in Sources */,
				E10F0A2026208705008D8AAC /* LoginResult.swift in Sources */,
				E1DFB8832625C492006B2060 /* AccountRequestModels.swift in Sources */,
				E1DFB8D2262DAE02006B2060 /* ProductRequestProduct.swift in Sources */,
				E1DFB8B4262D94C6006B2060 /* Product.swift in Sources */,
				E1DFB8A626284A8A006B2060 /* Stubs.swift in Sources */,
				E10F0A33262087BC008D8AAC /* AccountRequest.swift in Sources */,
				E10F0A252620871F008D8AAC /* User.swift in Sources */,
				E10F0A1626207DD9008D8AAC /* AbstractRequestFactory.swift in Sources */,
				E1DFB8C5262D9BB5006B2060 /* ProductRequestFactory.swift in Sources */,
				E1DFB8B9262D95DE006B2060 /* ProductListResult.swift in Sources */,
				E10F0A5F26247277008D8AAC /* EditProfileResult.swift in Sources */,
				E10F09FE2620302E008D8AAC /* ErrorParser.swift in Sources */,
				E1DFB8CD262D9FD3006B2060 /* ProductRequest.swift in Sources */,
			);
			runOnlyForDeploymentPostprocessing = 0;
		};
		E10F09BC261C3B0F008D8AAC /* Sources */ = {
			isa = PBXSourcesBuildPhase;
			buildActionMask = 2147483647;
			files = (
				E1DFB8AB262D62E6006B2060 /* AccountRequestTests.swift in Sources */,
				E1DFB8DA262DC585006B2060 /* ProductRequestTests.swift in Sources */,
				E10F09C5261C3B0F008D8AAC /* GBShopTests.swift in Sources */,
				E1DFB8A02626FAB4006B2060 /* ResponseCodableTests.swift in Sources */,
			);
			runOnlyForDeploymentPostprocessing = 0;
		};
		E10F09C7261C3B0F008D8AAC /* Sources */ = {
			isa = PBXSourcesBuildPhase;
			buildActionMask = 2147483647;
			files = (
				E10F09D0261C3B0F008D8AAC /* GBShopUITests.swift in Sources */,
			);
			runOnlyForDeploymentPostprocessing = 0;
		};
/* End PBXSourcesBuildPhase section */

/* Begin PBXTargetDependency section */
		E10F09C2261C3B0F008D8AAC /* PBXTargetDependency */ = {
			isa = PBXTargetDependency;
			target = E10F09A9261C3B0D008D8AAC /* GBShop */;
			targetProxy = E10F09C1261C3B0F008D8AAC /* PBXContainerItemProxy */;
		};
		E10F09CD261C3B0F008D8AAC /* PBXTargetDependency */ = {
			isa = PBXTargetDependency;
			target = E10F09A9261C3B0D008D8AAC /* GBShop */;
			targetProxy = E10F09CC261C3B0F008D8AAC /* PBXContainerItemProxy */;
		};
/* End PBXTargetDependency section */

/* Begin PBXVariantGroup section */
		E10F09B8261C3B0F008D8AAC /* LaunchScreen.storyboard */ = {
			isa = PBXVariantGroup;
			children = (
				E10F09B9261C3B0F008D8AAC /* Base */,
			);
			name = LaunchScreen.storyboard;
			sourceTree = "<group>";
		};
/* End PBXVariantGroup section */

/* Begin XCBuildConfiguration section */
		E10F09D2261C3B0F008D8AAC /* Debug */ = {
			isa = XCBuildConfiguration;
			buildSettings = {
				ALWAYS_SEARCH_USER_PATHS = NO;
				CLANG_ANALYZER_NONNULL = YES;
				CLANG_ANALYZER_NUMBER_OBJECT_CONVERSION = YES_AGGRESSIVE;
				CLANG_CXX_LANGUAGE_STANDARD = "gnu++14";
				CLANG_CXX_LIBRARY = "libc++";
				CLANG_ENABLE_MODULES = YES;
				CLANG_ENABLE_OBJC_ARC = YES;
				CLANG_ENABLE_OBJC_WEAK = YES;
				CLANG_WARN_BLOCK_CAPTURE_AUTORELEASING = YES;
				CLANG_WARN_BOOL_CONVERSION = YES;
				CLANG_WARN_COMMA = YES;
				CLANG_WARN_CONSTANT_CONVERSION = YES;
				CLANG_WARN_DEPRECATED_OBJC_IMPLEMENTATIONS = YES;
				CLANG_WARN_DIRECT_OBJC_ISA_USAGE = YES_ERROR;
				CLANG_WARN_DOCUMENTATION_COMMENTS = YES;
				CLANG_WARN_EMPTY_BODY = YES;
				CLANG_WARN_ENUM_CONVERSION = YES;
				CLANG_WARN_INFINITE_RECURSION = YES;
				CLANG_WARN_INT_CONVERSION = YES;
				CLANG_WARN_NON_LITERAL_NULL_CONVERSION = YES;
				CLANG_WARN_OBJC_IMPLICIT_RETAIN_SELF = YES;
				CLANG_WARN_OBJC_LITERAL_CONVERSION = YES;
				CLANG_WARN_OBJC_ROOT_CLASS = YES_ERROR;
				CLANG_WARN_QUOTED_INCLUDE_IN_FRAMEWORK_HEADER = YES;
				CLANG_WARN_RANGE_LOOP_ANALYSIS = YES;
				CLANG_WARN_STRICT_PROTOTYPES = YES;
				CLANG_WARN_SUSPICIOUS_MOVE = YES;
				CLANG_WARN_UNGUARDED_AVAILABILITY = YES_AGGRESSIVE;
				CLANG_WARN_UNREACHABLE_CODE = YES;
				CLANG_WARN__DUPLICATE_METHOD_MATCH = YES;
				COPY_PHASE_STRIP = NO;
				DEBUG_INFORMATION_FORMAT = dwarf;
				ENABLE_STRICT_OBJC_MSGSEND = YES;
				ENABLE_TESTABILITY = YES;
				GCC_C_LANGUAGE_STANDARD = gnu11;
				GCC_DYNAMIC_NO_PIC = NO;
				GCC_NO_COMMON_BLOCKS = YES;
				GCC_OPTIMIZATION_LEVEL = 0;
				GCC_PREPROCESSOR_DEFINITIONS = (
					"DEBUG=1",
					"$(inherited)",
				);
				GCC_WARN_64_TO_32_BIT_CONVERSION = YES;
				GCC_WARN_ABOUT_RETURN_TYPE = YES_ERROR;
				GCC_WARN_UNDECLARED_SELECTOR = YES;
				GCC_WARN_UNINITIALIZED_AUTOS = YES_AGGRESSIVE;
				GCC_WARN_UNUSED_FUNCTION = YES;
				GCC_WARN_UNUSED_VARIABLE = YES;
				IPHONEOS_DEPLOYMENT_TARGET = 14.4;
				MTL_ENABLE_DEBUG_INFO = INCLUDE_SOURCE;
				MTL_FAST_MATH = YES;
				ONLY_ACTIVE_ARCH = YES;
				SDKROOT = iphoneos;
				SWIFT_ACTIVE_COMPILATION_CONDITIONS = DEBUG;
				SWIFT_OPTIMIZATION_LEVEL = "-Onone";
			};
			name = Debug;
		};
		E10F09D3261C3B0F008D8AAC /* Release */ = {
			isa = XCBuildConfiguration;
			buildSettings = {
				ALWAYS_SEARCH_USER_PATHS = NO;
				CLANG_ANALYZER_NONNULL = YES;
				CLANG_ANALYZER_NUMBER_OBJECT_CONVERSION = YES_AGGRESSIVE;
				CLANG_CXX_LANGUAGE_STANDARD = "gnu++14";
				CLANG_CXX_LIBRARY = "libc++";
				CLANG_ENABLE_MODULES = YES;
				CLANG_ENABLE_OBJC_ARC = YES;
				CLANG_ENABLE_OBJC_WEAK = YES;
				CLANG_WARN_BLOCK_CAPTURE_AUTORELEASING = YES;
				CLANG_WARN_BOOL_CONVERSION = YES;
				CLANG_WARN_COMMA = YES;
				CLANG_WARN_CONSTANT_CONVERSION = YES;
				CLANG_WARN_DEPRECATED_OBJC_IMPLEMENTATIONS = YES;
				CLANG_WARN_DIRECT_OBJC_ISA_USAGE = YES_ERROR;
				CLANG_WARN_DOCUMENTATION_COMMENTS = YES;
				CLANG_WARN_EMPTY_BODY = YES;
				CLANG_WARN_ENUM_CONVERSION = YES;
				CLANG_WARN_INFINITE_RECURSION = YES;
				CLANG_WARN_INT_CONVERSION = YES;
				CLANG_WARN_NON_LITERAL_NULL_CONVERSION = YES;
				CLANG_WARN_OBJC_IMPLICIT_RETAIN_SELF = YES;
				CLANG_WARN_OBJC_LITERAL_CONVERSION = YES;
				CLANG_WARN_OBJC_ROOT_CLASS = YES_ERROR;
				CLANG_WARN_QUOTED_INCLUDE_IN_FRAMEWORK_HEADER = YES;
				CLANG_WARN_RANGE_LOOP_ANALYSIS = YES;
				CLANG_WARN_STRICT_PROTOTYPES = YES;
				CLANG_WARN_SUSPICIOUS_MOVE = YES;
				CLANG_WARN_UNGUARDED_AVAILABILITY = YES_AGGRESSIVE;
				CLANG_WARN_UNREACHABLE_CODE = YES;
				CLANG_WARN__DUPLICATE_METHOD_MATCH = YES;
				COPY_PHASE_STRIP = NO;
				DEBUG_INFORMATION_FORMAT = "dwarf-with-dsym";
				ENABLE_NS_ASSERTIONS = NO;
				ENABLE_STRICT_OBJC_MSGSEND = YES;
				GCC_C_LANGUAGE_STANDARD = gnu11;
				GCC_NO_COMMON_BLOCKS = YES;
				GCC_WARN_64_TO_32_BIT_CONVERSION = YES;
				GCC_WARN_ABOUT_RETURN_TYPE = YES_ERROR;
				GCC_WARN_UNDECLARED_SELECTOR = YES;
				GCC_WARN_UNINITIALIZED_AUTOS = YES_AGGRESSIVE;
				GCC_WARN_UNUSED_FUNCTION = YES;
				GCC_WARN_UNUSED_VARIABLE = YES;
				IPHONEOS_DEPLOYMENT_TARGET = 14.4;
				MTL_ENABLE_DEBUG_INFO = NO;
				MTL_FAST_MATH = YES;
				SDKROOT = iphoneos;
				SWIFT_COMPILATION_MODE = wholemodule;
				SWIFT_OPTIMIZATION_LEVEL = "-O";
				VALIDATE_PRODUCT = YES;
			};
			name = Release;
		};
		E10F09D5261C3B0F008D8AAC /* Debug */ = {
			isa = XCBuildConfiguration;
			baseConfigurationReference = 19FE6D8A78456B0ACCF0AE72 /* Pods-GBShop.debug.xcconfig */;
			buildSettings = {
				ASSETCATALOG_COMPILER_APPICON_NAME = AppIcon;
				ASSETCATALOG_COMPILER_GLOBAL_ACCENT_COLOR_NAME = AccentColor;
				CODE_SIGN_STYLE = Automatic;
				DEVELOPMENT_TEAM = 7U5XZ95AHH;
				INFOPLIST_FILE = GBShop/Environments/Info.plist;
				LD_RUNPATH_SEARCH_PATHS = (
					"$(inherited)",
					"@executable_path/Frameworks",
				);
				PRODUCT_BUNDLE_IDENTIFIER = com.vitalyprosvetov.GBShop;
				PRODUCT_NAME = "$(TARGET_NAME)";
				SWIFT_VERSION = 5.0;
				TARGETED_DEVICE_FAMILY = "1,2";
			};
			name = Debug;
		};
		E10F09D6261C3B0F008D8AAC /* Release */ = {
			isa = XCBuildConfiguration;
			baseConfigurationReference = 5C40AA1087402F7B359B2FB0 /* Pods-GBShop.release.xcconfig */;
			buildSettings = {
				ASSETCATALOG_COMPILER_APPICON_NAME = AppIcon;
				ASSETCATALOG_COMPILER_GLOBAL_ACCENT_COLOR_NAME = AccentColor;
				CODE_SIGN_STYLE = Automatic;
				DEVELOPMENT_TEAM = 7U5XZ95AHH;
				INFOPLIST_FILE = GBShop/Environments/Info.plist;
				LD_RUNPATH_SEARCH_PATHS = (
					"$(inherited)",
					"@executable_path/Frameworks",
				);
				PRODUCT_BUNDLE_IDENTIFIER = com.vitalyprosvetov.GBShop;
				PRODUCT_NAME = "$(TARGET_NAME)";
				SWIFT_VERSION = 5.0;
				TARGETED_DEVICE_FAMILY = "1,2";
			};
			name = Release;
		};
		E10F09D8261C3B0F008D8AAC /* Debug */ = {
			isa = XCBuildConfiguration;
			baseConfigurationReference = CD8854B6876425A63D276F63 /* Pods-GBShopTests.debug.xcconfig */;
			buildSettings = {
				ALWAYS_EMBED_SWIFT_STANDARD_LIBRARIES = YES;
				BUNDLE_LOADER = "$(TEST_HOST)";
				CODE_SIGN_STYLE = Automatic;
				DEVELOPMENT_TEAM = 7U5XZ95AHH;
				INFOPLIST_FILE = GBShopTests/Info.plist;
				IPHONEOS_DEPLOYMENT_TARGET = 14.4;
				LD_RUNPATH_SEARCH_PATHS = (
					"$(inherited)",
					"@executable_path/Frameworks",
					"@loader_path/Frameworks",
				);
				PRODUCT_BUNDLE_IDENTIFIER = com.vitalyprosvetov.GBShopTests;
				PRODUCT_NAME = "$(TARGET_NAME)";
				SWIFT_VERSION = 5.0;
				TARGETED_DEVICE_FAMILY = "1,2";
				TEST_HOST = "$(BUILT_PRODUCTS_DIR)/GBShop.app/GBShop";
			};
			name = Debug;
		};
		E10F09D9261C3B0F008D8AAC /* Release */ = {
			isa = XCBuildConfiguration;
			baseConfigurationReference = 3C553A0A1565C83681106D6A /* Pods-GBShopTests.release.xcconfig */;
			buildSettings = {
				ALWAYS_EMBED_SWIFT_STANDARD_LIBRARIES = YES;
				BUNDLE_LOADER = "$(TEST_HOST)";
				CODE_SIGN_STYLE = Automatic;
				DEVELOPMENT_TEAM = 7U5XZ95AHH;
				INFOPLIST_FILE = GBShopTests/Info.plist;
				IPHONEOS_DEPLOYMENT_TARGET = 14.4;
				LD_RUNPATH_SEARCH_PATHS = (
					"$(inherited)",
					"@executable_path/Frameworks",
					"@loader_path/Frameworks",
				);
				PRODUCT_BUNDLE_IDENTIFIER = com.vitalyprosvetov.GBShopTests;
				PRODUCT_NAME = "$(TARGET_NAME)";
				SWIFT_VERSION = 5.0;
				TARGETED_DEVICE_FAMILY = "1,2";
				TEST_HOST = "$(BUILT_PRODUCTS_DIR)/GBShop.app/GBShop";
			};
			name = Release;
		};
		E10F09DB261C3B0F008D8AAC /* Debug */ = {
			isa = XCBuildConfiguration;
			baseConfigurationReference = C98B8326AD6809C1CA58C643 /* Pods-GBShop-GBShopUITests.debug.xcconfig */;
			buildSettings = {
				ALWAYS_EMBED_SWIFT_STANDARD_LIBRARIES = YES;
				CODE_SIGN_STYLE = Automatic;
				DEVELOPMENT_TEAM = 7U5XZ95AHH;
				INFOPLIST_FILE = GBShopUITests/Info.plist;
				LD_RUNPATH_SEARCH_PATHS = (
					"$(inherited)",
					"@executable_path/Frameworks",
					"@loader_path/Frameworks",
				);
				PRODUCT_BUNDLE_IDENTIFIER = com.vitalyprosvetov.GBShopUITests;
				PRODUCT_NAME = "$(TARGET_NAME)";
				SWIFT_VERSION = 5.0;
				TARGETED_DEVICE_FAMILY = "1,2";
				TEST_TARGET_NAME = GBShop;
			};
			name = Debug;
		};
		E10F09DC261C3B0F008D8AAC /* Release */ = {
			isa = XCBuildConfiguration;
			baseConfigurationReference = 1088C9758A23DC6E873248A5 /* Pods-GBShop-GBShopUITests.release.xcconfig */;
			buildSettings = {
				ALWAYS_EMBED_SWIFT_STANDARD_LIBRARIES = YES;
				CODE_SIGN_STYLE = Automatic;
				DEVELOPMENT_TEAM = 7U5XZ95AHH;
				INFOPLIST_FILE = GBShopUITests/Info.plist;
				LD_RUNPATH_SEARCH_PATHS = (
					"$(inherited)",
					"@executable_path/Frameworks",
					"@loader_path/Frameworks",
				);
				PRODUCT_BUNDLE_IDENTIFIER = com.vitalyprosvetov.GBShopUITests;
				PRODUCT_NAME = "$(TARGET_NAME)";
				SWIFT_VERSION = 5.0;
				TARGETED_DEVICE_FAMILY = "1,2";
				TEST_TARGET_NAME = GBShop;
			};
			name = Release;
		};
/* End XCBuildConfiguration section */

/* Begin XCConfigurationList section */
		E10F09A5261C3B0D008D8AAC /* Build configuration list for PBXProject "GBShop" */ = {
			isa = XCConfigurationList;
			buildConfigurations = (
				E10F09D2261C3B0F008D8AAC /* Debug */,
				E10F09D3261C3B0F008D8AAC /* Release */,
			);
			defaultConfigurationIsVisible = 0;
			defaultConfigurationName = Release;
		};
		E10F09D4261C3B0F008D8AAC /* Build configuration list for PBXNativeTarget "GBShop" */ = {
			isa = XCConfigurationList;
			buildConfigurations = (
				E10F09D5261C3B0F008D8AAC /* Debug */,
				E10F09D6261C3B0F008D8AAC /* Release */,
			);
			defaultConfigurationIsVisible = 0;
			defaultConfigurationName = Release;
		};
		E10F09D7261C3B0F008D8AAC /* Build configuration list for PBXNativeTarget "GBShopTests" */ = {
			isa = XCConfigurationList;
			buildConfigurations = (
				E10F09D8261C3B0F008D8AAC /* Debug */,
				E10F09D9261C3B0F008D8AAC /* Release */,
			);
			defaultConfigurationIsVisible = 0;
			defaultConfigurationName = Release;
		};
		E10F09DA261C3B0F008D8AAC /* Build configuration list for PBXNativeTarget "GBShopUITests" */ = {
			isa = XCConfigurationList;
			buildConfigurations = (
				E10F09DB261C3B0F008D8AAC /* Debug */,
				E10F09DC261C3B0F008D8AAC /* Release */,
			);
			defaultConfigurationIsVisible = 0;
			defaultConfigurationName = Release;
		};
/* End XCConfigurationList section */
	};
	rootObject = E10F09A2261C3B0D008D8AAC /* Project object */;
}
